{
    "version": 3,
    "terraform_version": "0.11.10",
    "serial": 17,
    "lineage": "326c0758-2f12-d477-c35b-1d87e3d84ef3",
    "modules": [
        {
            "path": [
                "root"
            ],
            "outputs": {},
            "resources": {
                "aws_vpc.wp_vpc": {
                    "type": "aws_vpc",
                    "depends_on": [],
                    "primary": {
                        "id": "vpc-02ed5256e76cd5966",
                        "attributes": {
                            "arn": "arn:aws:ec2:us-east-1:066787614262:vpc/vpc-02ed5256e76cd5966",
                            "assign_generated_ipv6_cidr_block": "false",
                            "cidr_block": "10.0.0.0/16",
                            "default_network_acl_id": "acl-035f8383a288a82e1",
                            "default_route_table_id": "rtb-0d605eda013ed4454",
                            "default_security_group_id": "sg-03e85f78d4930354b",
                            "dhcp_options_id": "dopt-13ddb36b",
                            "enable_classiclink": "false",
                            "enable_classiclink_dns_support": "false",
                            "enable_dns_hostnames": "true",
                            "enable_dns_support": "true",
                            "id": "vpc-02ed5256e76cd5966",
                            "instance_tenancy": "default",
                            "main_route_table_id": "rtb-0d605eda013ed4454",
                            "tags.%": "2",
                            "tags.Name": "wp_vpc",
                            "tags.Owner": "Akhil"
                        },
                        "meta": {
                            "schema_version": "1"
                        },
                        "tainted": false
                    },
                    "deposed": [],
                    "provider": "provider.aws"
                },
                "data.aws_availability_zones.available": {
                    "type": "aws_availability_zones",
                    "depends_on": [],
                    "primary": {
                        "id": "2018-10-29 19:40:11.0580372 +0000 UTC",
                        "attributes": {
                            "id": "2018-10-29 19:40:11.0580372 +0000 UTC",
                            "names.#": "6",
                            "names.0": "us-east-1a",
                            "names.1": "us-east-1b",
                            "names.2": "us-east-1c",
                            "names.3": "us-east-1d",
                            "names.4": "us-east-1e",
                            "names.5": "us-east-1f"
                        },
                        "meta": {},
                        "tainted": false
                    },
                    "deposed": [],
                    "provider": "provider.aws"
                }
            },
            "depends_on": []
        }
    ]
}
