{
    "version": 3,
    "terraform_version": "0.11.10",
    "serial": 8,
    "lineage": "326c0758-2f12-d477-c35b-1d87e3d84ef3",
    "modules": [
        {
            "path": [
                "root"
            ],
            "outputs": {},
            "resources": {
                "aws_db_subnet_group.wp_rds_subnetgroup": {
                    "type": "aws_db_subnet_group",
                    "depends_on": [
                        "aws_subnet.wp_rds1_subnet",
                        "aws_subnet.wp_rds2_subnet",
                        "aws_subnet.wp_rds3_subnet"
                    ],
                    "primary": {
                        "id": "wp_rds_subnetgroup",
                        "attributes": {
                            "arn": "arn:aws:rds:us-east-1:066787614262:subgrp:wp_rds_subnetgroup",
                            "description": "Managed by Terraform",
                            "id": "wp_rds_subnetgroup",
                            "name": "wp_rds_subnetgroup",
                            "subnet_ids.#": "3",
                            "subnet_ids.2124335950": "subnet-0234249f76296f04e",
                            "subnet_ids.2238511252": "subnet-001d5c72ed770efca",
                            "subnet_ids.3183796278": "subnet-01336b10f22a47fca",
                            "tags.%": "2",
                            "tags.Name": "wp_sng_rds",
                            "tags.Owner": "Akhil"
                        },
                        "meta": {},
                        "tainted": false
                    },
                    "deposed": [],
                    "provider": "provider.aws"
                },
                "aws_default_route_table.wp_private_rt": {
                    "type": "aws_default_route_table",
                    "depends_on": [
                        "aws_vpc.wp_vpc"
                    ],
                    "primary": {
                        "id": "rtb-0a1df5207b95ece8e",
                        "attributes": {
                            "default_route_table_id": "rtb-0a1df5207b95ece8e",
                            "id": "rtb-0a1df5207b95ece8e",
                            "propagating_vgws.#": "0",
                            "route.#": "0",
                            "tags.%": "2",
                            "tags.Name": "wp_rt_private",
                            "tags.Owner": "Akhil",
                            "vpc_id": "vpc-0ee825c07ba53176d"
                        },
                        "meta": {},
                        "tainted": false
                    },
                    "deposed": [],
                    "provider": "provider.aws"
                },
                "aws_elb.wp_elb": {
                    "type": "aws_elb",
                    "depends_on": [
                        "aws_security_group.wp_public_sg",
                        "aws_subnet.wp_public1_subnet",
                        "aws_subnet.wp_public2_subnet"
                    ],
                    "primary": {
                        "id": "akhil-elb",
                        "attributes": {
                            "access_logs.#": "0",
                            "arn": "arn:aws:elasticloadbalancing:us-east-1:066787614262:loadbalancer/akhil-elb",
                            "availability_zones.#": "2",
                            "availability_zones.1305112097": "us-east-1b",
                            "availability_zones.3569565595": "us-east-1a",
                            "connection_draining": "true",
                            "connection_draining_timeout": "400",
                            "cross_zone_load_balancing": "true",
                            "dns_name": "akhil-elb-1456699344.us-east-1.elb.amazonaws.com",
                            "health_check.#": "1",
                            "health_check.0.healthy_threshold": "2",
                            "health_check.0.interval": "30",
                            "health_check.0.target": "TCP:80",
                            "health_check.0.timeout": "3",
                            "health_check.0.unhealthy_threshold": "2",
                            "id": "akhil-elb",
                            "idle_timeout": "400",
                            "instances.#": "0",
                            "internal": "false",
                            "listener.#": "1",
                            "listener.3057123346.instance_port": "80",
                            "listener.3057123346.instance_protocol": "http",
                            "listener.3057123346.lb_port": "80",
                            "listener.3057123346.lb_protocol": "http",
                            "listener.3057123346.ssl_certificate_id": "",
                            "name": "akhil-elb",
                            "security_groups.#": "1",
                            "security_groups.552245382": "sg-010ef81245e5a6ad1",
                            "source_security_group": "066787614262/wp_public_sg",
                            "source_security_group_id": "sg-010ef81245e5a6ad1",
                            "subnets.#": "2",
                            "subnets.138396237": "subnet-0e788a17f773da711",
                            "subnets.628855966": "subnet-04c9d3c10e2f65167",
                            "tags.%": "2",
                            "tags.Name": "wp_elb",
                            "tags.Owner": "Akhil",
                            "zone_id": "Z35SXDOTRQ7X7K"
                        },
                        "meta": {},
                        "tainted": false
                    },
                    "deposed": [],
                    "provider": "provider.aws"
                },
                "aws_iam_instance_profile.s3_access_profile": {
                    "type": "aws_iam_instance_profile",
                    "depends_on": [
                        "aws_iam_role.s3_access_role"
                    ],
                    "primary": {
                        "id": "s3_access",
                        "attributes": {
                            "arn": "arn:aws:iam::066787614262:instance-profile/s3_access",
                            "create_date": "2018-10-26T23:20:38Z",
                            "id": "s3_access",
                            "name": "s3_access",
                            "path": "/",
                            "role": "s3_access_role",
                            "roles.#": "1",
                            "roles.2044655173": "s3_access_role",
                            "unique_id": "AIPAJIBZK76QQVWVQP3P4"
                        },
                        "meta": {},
                        "tainted": false
                    },
                    "deposed": [],
                    "provider": "provider.aws"
                },
                "aws_iam_role.s3_access_role": {
                    "type": "aws_iam_role",
                    "depends_on": [],
                    "primary": {
                        "id": "s3_access_role",
                        "attributes": {
                            "arn": "arn:aws:iam::066787614262:role/s3_access_role",
                            "assume_role_policy": "{\"Version\":\"2012-10-17\",\"Statement\":[{\"Sid\":\"\",\"Effect\":\"Allow\",\"Principal\":{\"Service\":\"ec2.amazonaws.com\"},\"Action\":\"sts:AssumeRole\"}]}",
                            "create_date": "2018-10-26T23:20:38Z",
                            "description": "",
                            "force_detach_policies": "false",
                            "id": "s3_access_role",
                            "max_session_duration": "3600",
                            "name": "s3_access_role",
                            "path": "/",
                            "unique_id": "AROAJLYXXDRMQNBYJ3ZTU"
                        },
                        "meta": {},
                        "tainted": false
                    },
                    "deposed": [],
                    "provider": "provider.aws"
                },
                "aws_iam_role_policy.s3_access_policy": {
                    "type": "aws_iam_role_policy",
                    "depends_on": [
                        "aws_iam_role.s3_access_role"
                    ],
                    "primary": {
                        "id": "s3_access_role:s3_access_policy",
                        "attributes": {
                            "id": "s3_access_role:s3_access_policy",
                            "name": "s3_access_policy",
                            "policy": "{\n  \"Version\": \"2012-10-17\",\n  \"Statement\": [\n    {\n      \"Effect\": \"Allow\",\n      \"Action\": \"s3:*\",\n      \"Resource\": \"*\"\n    }\n  ]\n}\n",
                            "role": "s3_access_role"
                        },
                        "meta": {},
                        "tainted": false
                    },
                    "deposed": [],
                    "provider": "provider.aws"
                },
                "aws_internet_gateway.wp_internet_gateway": {
                    "type": "aws_internet_gateway",
                    "depends_on": [
                        "aws_vpc.wp_vpc"
                    ],
                    "primary": {
                        "id": "igw-0017373aa6eb20b45",
                        "attributes": {
                            "id": "igw-0017373aa6eb20b45",
                            "tags.%": "2",
                            "tags.Name": "wp_igw",
                            "tags.Owner": "Akhil",
                            "vpc_id": "vpc-0ee825c07ba53176d"
                        },
                        "meta": {},
                        "tainted": false
                    },
                    "deposed": [],
                    "provider": "provider.aws"
                },
                "aws_route_table.wp_public_rt": {
                    "type": "aws_route_table",
                    "depends_on": [
                        "aws_internet_gateway.wp_internet_gateway",
                        "aws_vpc.wp_vpc"
                    ],
                    "primary": {
                        "id": "rtb-0ddbfbfec9975c735",
                        "attributes": {
                            "id": "rtb-0ddbfbfec9975c735",
                            "propagating_vgws.#": "0",
                            "route.#": "1",
                            "route.2824111081.cidr_block": "0.0.0.0/0",
                            "route.2824111081.egress_only_gateway_id": "",
                            "route.2824111081.gateway_id": "igw-0017373aa6eb20b45",
                            "route.2824111081.instance_id": "",
                            "route.2824111081.ipv6_cidr_block": "",
                            "route.2824111081.nat_gateway_id": "",
                            "route.2824111081.network_interface_id": "",
                            "route.2824111081.vpc_peering_connection_id": "",
                            "tags.%": "2",
                            "tags.Name": "wp_rt_public",
                            "tags.Owner": "Akhil",
                            "vpc_id": "vpc-0ee825c07ba53176d"
                        },
                        "meta": {},
                        "tainted": false
                    },
                    "deposed": [],
                    "provider": "provider.aws"
                },
                "aws_route_table_association.wp_private1_assoc": {
                    "type": "aws_route_table_association",
                    "depends_on": [
                        "aws_default_route_table.wp_private_rt",
                        "aws_subnet.wp_private1_subnet"
                    ],
                    "primary": {
                        "id": "rtbassoc-04628628c15fe0983",
                        "attributes": {
                            "id": "rtbassoc-04628628c15fe0983",
                            "route_table_id": "rtb-0a1df5207b95ece8e",
                            "subnet_id": "subnet-09553ef67d4252db6"
                        },
                        "meta": {},
                        "tainted": false
                    },
                    "deposed": [],
                    "provider": "provider.aws"
                },
                "aws_route_table_association.wp_private2_assoc": {
                    "type": "aws_route_table_association",
                    "depends_on": [
                        "aws_default_route_table.wp_private_rt",
                        "aws_subnet.wp_private2_subnet"
                    ],
                    "primary": {
                        "id": "rtbassoc-064323b5b5d76e0f2",
                        "attributes": {
                            "id": "rtbassoc-064323b5b5d76e0f2",
                            "route_table_id": "rtb-0a1df5207b95ece8e",
                            "subnet_id": "subnet-09baef67285a8e98b"
                        },
                        "meta": {},
                        "tainted": false
                    },
                    "deposed": [],
                    "provider": "provider.aws"
                },
                "aws_route_table_association.wp_public1_assoc": {
                    "type": "aws_route_table_association",
                    "depends_on": [
                        "aws_route_table.wp_public_rt",
                        "aws_subnet.wp_public1_subnet"
                    ],
                    "primary": {
                        "id": "rtbassoc-07f8ceaaecc6cd919",
                        "attributes": {
                            "id": "rtbassoc-07f8ceaaecc6cd919",
                            "route_table_id": "rtb-0ddbfbfec9975c735",
                            "subnet_id": "subnet-0e788a17f773da711"
                        },
                        "meta": {},
                        "tainted": false
                    },
                    "deposed": [],
                    "provider": "provider.aws"
                },
                "aws_route_table_association.wp_public2_assoc": {
                    "type": "aws_route_table_association",
                    "depends_on": [
                        "aws_route_table.wp_public_rt",
                        "aws_subnet.wp_public2_subnet"
                    ],
                    "primary": {
                        "id": "rtbassoc-03b6404bfa3b51069",
                        "attributes": {
                            "id": "rtbassoc-03b6404bfa3b51069",
                            "route_table_id": "rtb-0ddbfbfec9975c735",
                            "subnet_id": "subnet-04c9d3c10e2f65167"
                        },
                        "meta": {},
                        "tainted": false
                    },
                    "deposed": [],
                    "provider": "provider.aws"
                },
                "aws_s3_bucket.code": {
                    "type": "aws_s3_bucket",
                    "depends_on": [
                        "random_id.wp_code_bucket"
                    ],
                    "primary": {
                        "id": "akhil-16067",
                        "attributes": {
                            "acceleration_status": "",
                            "acl": "private",
                            "arn": "arn:aws:s3:::akhil-16067",
                            "bucket": "akhil-16067",
                            "bucket_domain_name": "akhil-16067.s3.amazonaws.com",
                            "bucket_regional_domain_name": "akhil-16067.s3.amazonaws.com",
                            "cors_rule.#": "0",
                            "force_destroy": "true",
                            "hosted_zone_id": "Z3AQBSTGFYJSTF",
                            "id": "akhil-16067",
                            "lifecycle_rule.#": "0",
                            "logging.#": "0",
                            "region": "us-east-1",
                            "replication_configuration.#": "0",
                            "request_payer": "BucketOwner",
                            "server_side_encryption_configuration.#": "0",
                            "tags.%": "2",
                            "tags.Name": "wp_s3",
                            "tags.Owner": "Akhil",
                            "versioning.#": "1",
                            "versioning.0.enabled": "false",
                            "versioning.0.mfa_delete": "false",
                            "website.#": "0"
                        },
                        "meta": {},
                        "tainted": false
                    },
                    "deposed": [],
                    "provider": "provider.aws"
                },
                "aws_security_group.wp_dev_sg": {
                    "type": "aws_security_group",
                    "depends_on": [
                        "aws_vpc.wp_vpc"
                    ],
                    "primary": {
                        "id": "sg-0d600ed08fb57a086",
                        "attributes": {
                            "arn": "arn:aws:ec2:us-east-1:066787614262:security-group/sg-0d600ed08fb57a086",
                            "description": "used for access to the dev instance",
                            "egress.#": "1",
                            "egress.482069346.cidr_blocks.#": "1",
                            "egress.482069346.cidr_blocks.0": "0.0.0.0/0",
                            "egress.482069346.description": "",
                            "egress.482069346.from_port": "0",
                            "egress.482069346.ipv6_cidr_blocks.#": "0",
                            "egress.482069346.prefix_list_ids.#": "0",
                            "egress.482069346.protocol": "-1",
                            "egress.482069346.security_groups.#": "0",
                            "egress.482069346.self": "false",
                            "egress.482069346.to_port": "0",
                            "id": "sg-0d600ed08fb57a086",
                            "ingress.#": "2",
                            "ingress.1427298133.cidr_blocks.#": "1",
                            "ingress.1427298133.cidr_blocks.0": "23.249.13.225/32",
                            "ingress.1427298133.description": "",
                            "ingress.1427298133.from_port": "22",
                            "ingress.1427298133.ipv6_cidr_blocks.#": "0",
                            "ingress.1427298133.prefix_list_ids.#": "0",
                            "ingress.1427298133.protocol": "tcp",
                            "ingress.1427298133.security_groups.#": "0",
                            "ingress.1427298133.self": "false",
                            "ingress.1427298133.to_port": "22",
                            "ingress.3933147174.cidr_blocks.#": "1",
                            "ingress.3933147174.cidr_blocks.0": "23.249.13.225/32",
                            "ingress.3933147174.description": "",
                            "ingress.3933147174.from_port": "80",
                            "ingress.3933147174.ipv6_cidr_blocks.#": "0",
                            "ingress.3933147174.prefix_list_ids.#": "0",
                            "ingress.3933147174.protocol": "tcp",
                            "ingress.3933147174.security_groups.#": "0",
                            "ingress.3933147174.self": "false",
                            "ingress.3933147174.to_port": "80",
                            "name": "wp_dev_sg",
                            "owner_id": "066787614262",
                            "revoke_rules_on_delete": "false",
                            "tags.%": "0",
                            "vpc_id": "vpc-0ee825c07ba53176d"
                        },
                        "meta": {
                            "e2bfb730-ecaa-11e6-8f88-34363bc7c4c0": {
                                "create": 600000000000,
                                "delete": 600000000000
                            },
                            "schema_version": "1"
                        },
                        "tainted": false
                    },
                    "deposed": [],
                    "provider": "provider.aws"
                },
                "aws_security_group.wp_private_sg": {
                    "type": "aws_security_group",
                    "depends_on": [
                        "aws_vpc.wp_vpc"
                    ],
                    "primary": {
                        "id": "sg-053a07c4a0ebe403f",
                        "attributes": {
                            "arn": "arn:aws:ec2:us-east-1:066787614262:security-group/sg-053a07c4a0ebe403f",
                            "description": "Used for private instances",
                            "egress.#": "1",
                            "egress.482069346.cidr_blocks.#": "1",
                            "egress.482069346.cidr_blocks.0": "0.0.0.0/0",
                            "egress.482069346.description": "",
                            "egress.482069346.from_port": "0",
                            "egress.482069346.ipv6_cidr_blocks.#": "0",
                            "egress.482069346.prefix_list_ids.#": "0",
                            "egress.482069346.protocol": "-1",
                            "egress.482069346.security_groups.#": "0",
                            "egress.482069346.self": "false",
                            "egress.482069346.to_port": "0",
                            "id": "sg-053a07c4a0ebe403f",
                            "ingress.#": "1",
                            "ingress.1960698028.cidr_blocks.#": "1",
                            "ingress.1960698028.cidr_blocks.0": "10.0.0.0/16",
                            "ingress.1960698028.description": "",
                            "ingress.1960698028.from_port": "0",
                            "ingress.1960698028.ipv6_cidr_blocks.#": "0",
                            "ingress.1960698028.prefix_list_ids.#": "0",
                            "ingress.1960698028.protocol": "-1",
                            "ingress.1960698028.security_groups.#": "0",
                            "ingress.1960698028.self": "false",
                            "ingress.1960698028.to_port": "0",
                            "name": "wp_private_sg",
                            "owner_id": "066787614262",
                            "revoke_rules_on_delete": "false",
                            "tags.%": "0",
                            "vpc_id": "vpc-0ee825c07ba53176d"
                        },
                        "meta": {
                            "e2bfb730-ecaa-11e6-8f88-34363bc7c4c0": {
                                "create": 600000000000,
                                "delete": 600000000000
                            },
                            "schema_version": "1"
                        },
                        "tainted": false
                    },
                    "deposed": [],
                    "provider": "provider.aws"
                },
                "aws_security_group.wp_public_sg": {
                    "type": "aws_security_group",
                    "depends_on": [
                        "aws_vpc.wp_vpc"
                    ],
                    "primary": {
                        "id": "sg-010ef81245e5a6ad1",
                        "attributes": {
                            "arn": "arn:aws:ec2:us-east-1:066787614262:security-group/sg-010ef81245e5a6ad1",
                            "description": "used for the elastic load balancer for public access",
                            "egress.#": "1",
                            "egress.482069346.cidr_blocks.#": "1",
                            "egress.482069346.cidr_blocks.0": "0.0.0.0/0",
                            "egress.482069346.description": "",
                            "egress.482069346.from_port": "0",
                            "egress.482069346.ipv6_cidr_blocks.#": "0",
                            "egress.482069346.prefix_list_ids.#": "0",
                            "egress.482069346.protocol": "-1",
                            "egress.482069346.security_groups.#": "0",
                            "egress.482069346.self": "false",
                            "egress.482069346.to_port": "0",
                            "id": "sg-010ef81245e5a6ad1",
                            "ingress.#": "1",
                            "ingress.2214680975.cidr_blocks.#": "1",
                            "ingress.2214680975.cidr_blocks.0": "0.0.0.0/0",
                            "ingress.2214680975.description": "",
                            "ingress.2214680975.from_port": "80",
                            "ingress.2214680975.ipv6_cidr_blocks.#": "0",
                            "ingress.2214680975.prefix_list_ids.#": "0",
                            "ingress.2214680975.protocol": "tcp",
                            "ingress.2214680975.security_groups.#": "0",
                            "ingress.2214680975.self": "false",
                            "ingress.2214680975.to_port": "80",
                            "name": "wp_public_sg",
                            "owner_id": "066787614262",
                            "revoke_rules_on_delete": "false",
                            "tags.%": "0",
                            "vpc_id": "vpc-0ee825c07ba53176d"
                        },
                        "meta": {
                            "e2bfb730-ecaa-11e6-8f88-34363bc7c4c0": {
                                "create": 600000000000,
                                "delete": 600000000000
                            },
                            "schema_version": "1"
                        },
                        "tainted": false
                    },
                    "deposed": [],
                    "provider": "provider.aws"
                },
                "aws_security_group.wp_rds_sg": {
                    "type": "aws_security_group",
                    "depends_on": [
                        "aws_security_group.wp_dev_sg",
                        "aws_security_group.wp_private_sg",
                        "aws_security_group.wp_public_sg",
                        "aws_vpc.wp_vpc"
                    ],
                    "primary": {
                        "id": "sg-0841f6b8164d525a0",
                        "attributes": {
                            "arn": "arn:aws:ec2:us-east-1:066787614262:security-group/sg-0841f6b8164d525a0",
                            "description": "Used for DB instances",
                            "egress.#": "0",
                            "id": "sg-0841f6b8164d525a0",
                            "ingress.#": "1",
                            "ingress.2370086646.cidr_blocks.#": "0",
                            "ingress.2370086646.description": "",
                            "ingress.2370086646.from_port": "3306",
                            "ingress.2370086646.ipv6_cidr_blocks.#": "0",
                            "ingress.2370086646.prefix_list_ids.#": "0",
                            "ingress.2370086646.protocol": "tcp",
                            "ingress.2370086646.security_groups.#": "3",
                            "ingress.2370086646.security_groups.1502692614": "sg-053a07c4a0ebe403f",
                            "ingress.2370086646.security_groups.3921156432": "sg-0d600ed08fb57a086",
                            "ingress.2370086646.security_groups.552245382": "sg-010ef81245e5a6ad1",
                            "ingress.2370086646.self": "false",
                            "ingress.2370086646.to_port": "3306",
                            "name": "wp_rds_sg",
                            "owner_id": "066787614262",
                            "revoke_rules_on_delete": "false",
                            "tags.%": "0",
                            "vpc_id": "vpc-0ee825c07ba53176d"
                        },
                        "meta": {
                            "e2bfb730-ecaa-11e6-8f88-34363bc7c4c0": {
                                "create": 600000000000,
                                "delete": 600000000000
                            },
                            "schema_version": "1"
                        },
                        "tainted": false
                    },
                    "deposed": [],
                    "provider": "provider.aws"
                },
                "aws_subnet.wp_private1_subnet": {
                    "type": "aws_subnet",
                    "depends_on": [
                        "aws_vpc.wp_vpc",
                        "data.aws_availability_zones.available"
                    ],
                    "primary": {
                        "id": "subnet-09553ef67d4252db6",
                        "attributes": {
                            "arn": "arn:aws:ec2:us-east-1:066787614262:subnet/subnet-09553ef67d4252db6",
                            "assign_ipv6_address_on_creation": "false",
                            "availability_zone": "us-east-1a",
                            "cidr_block": "10.0.3.0/24",
                            "id": "subnet-09553ef67d4252db6",
                            "map_public_ip_on_launch": "false",
                            "tags.%": "2",
                            "tags.Name": "wp_sn_private1",
                            "tags.Owner": "Akhil",
                            "vpc_id": "vpc-0ee825c07ba53176d"
                        },
                        "meta": {
                            "e2bfb730-ecaa-11e6-8f88-34363bc7c4c0": {
                                "create": 600000000000,
                                "delete": 600000000000
                            },
                            "schema_version": "1"
                        },
                        "tainted": false
                    },
                    "deposed": [],
                    "provider": "provider.aws"
                },
                "aws_subnet.wp_private2_subnet": {
                    "type": "aws_subnet",
                    "depends_on": [
                        "aws_vpc.wp_vpc",
                        "data.aws_availability_zones.available"
                    ],
                    "primary": {
                        "id": "subnet-09baef67285a8e98b",
                        "attributes": {
                            "arn": "arn:aws:ec2:us-east-1:066787614262:subnet/subnet-09baef67285a8e98b",
                            "assign_ipv6_address_on_creation": "false",
                            "availability_zone": "us-east-1b",
                            "cidr_block": "10.0.4.0/24",
                            "id": "subnet-09baef67285a8e98b",
                            "map_public_ip_on_launch": "false",
                            "tags.%": "2",
                            "tags.Name": "wp_sn_private2",
                            "tags.Owner": "Akhil",
                            "vpc_id": "vpc-0ee825c07ba53176d"
                        },
                        "meta": {
                            "e2bfb730-ecaa-11e6-8f88-34363bc7c4c0": {
                                "create": 600000000000,
                                "delete": 600000000000
                            },
                            "schema_version": "1"
                        },
                        "tainted": false
                    },
                    "deposed": [],
                    "provider": "provider.aws"
                },
                "aws_subnet.wp_public1_subnet": {
                    "type": "aws_subnet",
                    "depends_on": [
                        "aws_vpc.wp_vpc",
                        "data.aws_availability_zones.available"
                    ],
                    "primary": {
                        "id": "subnet-0e788a17f773da711",
                        "attributes": {
                            "arn": "arn:aws:ec2:us-east-1:066787614262:subnet/subnet-0e788a17f773da711",
                            "assign_ipv6_address_on_creation": "false",
                            "availability_zone": "us-east-1a",
                            "cidr_block": "10.0.1.0/24",
                            "id": "subnet-0e788a17f773da711",
                            "map_public_ip_on_launch": "true",
                            "tags.%": "2",
                            "tags.Name": "wp_sn_public1",
                            "tags.Owner": "Akhil",
                            "vpc_id": "vpc-0ee825c07ba53176d"
                        },
                        "meta": {
                            "e2bfb730-ecaa-11e6-8f88-34363bc7c4c0": {
                                "create": 600000000000,
                                "delete": 600000000000
                            },
                            "schema_version": "1"
                        },
                        "tainted": false
                    },
                    "deposed": [],
                    "provider": "provider.aws"
                },
                "aws_subnet.wp_public2_subnet": {
                    "type": "aws_subnet",
                    "depends_on": [
                        "aws_vpc.wp_vpc",
                        "data.aws_availability_zones.available"
                    ],
                    "primary": {
                        "id": "subnet-04c9d3c10e2f65167",
                        "attributes": {
                            "arn": "arn:aws:ec2:us-east-1:066787614262:subnet/subnet-04c9d3c10e2f65167",
                            "assign_ipv6_address_on_creation": "false",
                            "availability_zone": "us-east-1b",
                            "cidr_block": "10.0.2.0/24",
                            "id": "subnet-04c9d3c10e2f65167",
                            "map_public_ip_on_launch": "true",
                            "tags.%": "2",
                            "tags.Name": "wp_sn_public2",
                            "tags.Owner": "Akhil",
                            "vpc_id": "vpc-0ee825c07ba53176d"
                        },
                        "meta": {
                            "e2bfb730-ecaa-11e6-8f88-34363bc7c4c0": {
                                "create": 600000000000,
                                "delete": 600000000000
                            },
                            "schema_version": "1"
                        },
                        "tainted": false
                    },
                    "deposed": [],
                    "provider": "provider.aws"
                },
                "aws_subnet.wp_rds1_subnet": {
                    "type": "aws_subnet",
                    "depends_on": [
                        "aws_vpc.wp_vpc",
                        "data.aws_availability_zones.available"
                    ],
                    "primary": {
                        "id": "subnet-01336b10f22a47fca",
                        "attributes": {
                            "arn": "arn:aws:ec2:us-east-1:066787614262:subnet/subnet-01336b10f22a47fca",
                            "assign_ipv6_address_on_creation": "false",
                            "availability_zone": "us-east-1a",
                            "cidr_block": "10.0.5.0/24",
                            "id": "subnet-01336b10f22a47fca",
                            "map_public_ip_on_launch": "false",
                            "tags.%": "2",
                            "tags.Name": "wp_sn_rds1",
                            "tags.Owner": "Akhil",
                            "vpc_id": "vpc-0ee825c07ba53176d"
                        },
                        "meta": {
                            "e2bfb730-ecaa-11e6-8f88-34363bc7c4c0": {
                                "create": 600000000000,
                                "delete": 600000000000
                            },
                            "schema_version": "1"
                        },
                        "tainted": false
                    },
                    "deposed": [],
                    "provider": "provider.aws"
                },
                "aws_subnet.wp_rds2_subnet": {
                    "type": "aws_subnet",
                    "depends_on": [
                        "aws_vpc.wp_vpc",
                        "data.aws_availability_zones.available"
                    ],
                    "primary": {
                        "id": "subnet-0234249f76296f04e",
                        "attributes": {
                            "arn": "arn:aws:ec2:us-east-1:066787614262:subnet/subnet-0234249f76296f04e",
                            "assign_ipv6_address_on_creation": "false",
                            "availability_zone": "us-east-1b",
                            "cidr_block": "10.0.6.0/24",
                            "id": "subnet-0234249f76296f04e",
                            "map_public_ip_on_launch": "false",
                            "tags.%": "2",
                            "tags.Name": "wp_sn_rds2",
                            "tags.Owner": "Akhil",
                            "vpc_id": "vpc-0ee825c07ba53176d"
                        },
                        "meta": {
                            "e2bfb730-ecaa-11e6-8f88-34363bc7c4c0": {
                                "create": 600000000000,
                                "delete": 600000000000
                            },
                            "schema_version": "1"
                        },
                        "tainted": false
                    },
                    "deposed": [],
                    "provider": "provider.aws"
                },
                "aws_subnet.wp_rds3_subnet": {
                    "type": "aws_subnet",
                    "depends_on": [
                        "aws_vpc.wp_vpc",
                        "data.aws_availability_zones.available"
                    ],
                    "primary": {
                        "id": "subnet-001d5c72ed770efca",
                        "attributes": {
                            "arn": "arn:aws:ec2:us-east-1:066787614262:subnet/subnet-001d5c72ed770efca",
                            "assign_ipv6_address_on_creation": "false",
                            "availability_zone": "us-east-1c",
                            "cidr_block": "10.0.7.0/24",
                            "id": "subnet-001d5c72ed770efca",
                            "map_public_ip_on_launch": "false",
                            "tags.%": "2",
                            "tags.Name": "wp_sn_rds3",
                            "tags.Owner": "Akhil",
                            "vpc_id": "vpc-0ee825c07ba53176d"
                        },
                        "meta": {
                            "e2bfb730-ecaa-11e6-8f88-34363bc7c4c0": {
                                "create": 600000000000,
                                "delete": 600000000000
                            },
                            "schema_version": "1"
                        },
                        "tainted": false
                    },
                    "deposed": [],
                    "provider": "provider.aws"
                },
                "aws_vpc.wp_vpc": {
                    "type": "aws_vpc",
                    "depends_on": [],
                    "primary": {
                        "id": "vpc-0ee825c07ba53176d",
                        "attributes": {
                            "arn": "arn:aws:ec2:us-east-1:066787614262:vpc/vpc-0ee825c07ba53176d",
                            "assign_generated_ipv6_cidr_block": "false",
                            "cidr_block": "10.0.0.0/16",
                            "default_network_acl_id": "acl-01eff985e8945938e",
                            "default_route_table_id": "rtb-0a1df5207b95ece8e",
                            "default_security_group_id": "sg-0f8af09a5b56dc904",
                            "dhcp_options_id": "dopt-13ddb36b",
                            "enable_classiclink": "false",
                            "enable_classiclink_dns_support": "false",
                            "enable_dns_hostnames": "true",
                            "enable_dns_support": "true",
                            "id": "vpc-0ee825c07ba53176d",
                            "instance_tenancy": "default",
                            "main_route_table_id": "rtb-0a1df5207b95ece8e",
                            "tags.%": "2",
                            "tags.Name": "wp_vpc",
                            "tags.Owner": "Akhil"
                        },
                        "meta": {
                            "schema_version": "1"
                        },
                        "tainted": false
                    },
                    "deposed": [],
                    "provider": "provider.aws"
                },
                "aws_vpc_endpoint.wp_private-s3_endpoint": {
                    "type": "aws_vpc_endpoint",
                    "depends_on": [
                        "aws_route_table.wp_public_rt",
                        "aws_vpc.wp_vpc"
                    ],
                    "primary": {
                        "id": "vpce-00725d05fdc9ab234",
                        "attributes": {
                            "cidr_blocks.#": "2",
                            "cidr_blocks.0": "54.231.0.0/17",
                            "cidr_blocks.1": "52.216.0.0/15",
                            "dns_entry.#": "0",
                            "id": "vpce-00725d05fdc9ab234",
                            "network_interface_ids.#": "0",
                            "policy": "{\"Statement\":[{\"Action\":\"*\",\"Effect\":\"Allow\",\"Principal\":\"*\",\"Resource\":\"*\"}],\"Version\":\"2008-10-17\"}",
                            "prefix_list_id": "pl-63a5400a",
                            "private_dns_enabled": "false",
                            "route_table_ids.#": "2",
                            "route_table_ids.1688264921": "rtb-0a1df5207b95ece8e",
                            "route_table_ids.823303970": "rtb-0ddbfbfec9975c735",
                            "security_group_ids.#": "0",
                            "service_name": "com.amazonaws.us-east-1.s3",
                            "state": "available",
                            "subnet_ids.#": "0",
                            "vpc_endpoint_type": "Gateway",
                            "vpc_id": "vpc-0ee825c07ba53176d"
                        },
                        "meta": {
                            "e2bfb730-ecaa-11e6-8f88-34363bc7c4c0": {
                                "create": 600000000000,
                                "delete": 600000000000,
                                "update": 600000000000
                            }
                        },
                        "tainted": false
                    },
                    "deposed": [],
                    "provider": "provider.aws"
                },
                "data.aws_availability_zones.available": {
                    "type": "aws_availability_zones",
                    "depends_on": [],
                    "primary": {
                        "id": "2018-10-26 23:29:17.0752238 +0000 UTC",
                        "attributes": {
                            "id": "2018-10-26 23:29:17.0752238 +0000 UTC",
                            "names.#": "6",
                            "names.0": "us-east-1a",
                            "names.1": "us-east-1b",
                            "names.2": "us-east-1c",
                            "names.3": "us-east-1d",
                            "names.4": "us-east-1e",
                            "names.5": "us-east-1f"
                        },
                        "meta": {},
                        "tainted": false
                    },
                    "deposed": [],
                    "provider": "provider.aws"
                },
                "random_id.golden_ami": {
                    "type": "random_id",
                    "depends_on": [],
                    "primary": {
                        "id": "eZxV",
                        "attributes": {
                            "b64": "eZxV",
                            "b64_std": "eZxV",
                            "b64_url": "eZxV",
                            "byte_length": "3",
                            "dec": "7969877",
                            "hex": "799c55",
                            "id": "eZxV"
                        },
                        "meta": {},
                        "tainted": false
                    },
                    "deposed": [],
                    "provider": "provider.random"
                },
                "random_id.wp_code_bucket": {
                    "type": "random_id",
                    "depends_on": [],
                    "primary": {
                        "id": "PsM",
                        "attributes": {
                            "b64": "PsM",
                            "b64_std": "PsM=",
                            "b64_url": "PsM",
                            "byte_length": "2",
                            "dec": "16067",
                            "hex": "3ec3",
                            "id": "PsM"
                        },
                        "meta": {},
                        "tainted": false
                    },
                    "deposed": [],
                    "provider": "provider.random"
                }
            },
            "depends_on": []
        }
    ]
}
